
Microsoft Visual Studio Solution File, Format Version 12.00
# Visual Studio Version 17
VisualStudioVersion = 17.2.32526.322
MinimumVisualStudioVersion = 10.0.40219.1
Project("{9A19103F-16F7-4668-BE54-9A1E7A4F7556}") = "FinalProject", "FinalProject\FinalProject.csproj", "{4F17B08D-1C9A-4128-8543-6CB1EB2F5C62}"
EndProject
Global
	GlobalSection(SolutionConfigurationPlatforms) = preSolution
		Debug|Any CPU = Debug|Any CPU
		Release|Any CPU = Release|Any CPU
	EndGlobalSection
	GlobalSection(ProjectConfigurationPlatforms) = postSolution
		{4F17B08D-1C9A-4128-8543-6CB1EB2F5C62}.Debug|Any CPU.ActiveCfg = Debug|Any CPU
		{4F17B08D-1C9A-4128-8543-6CB1EB2F5C62}.Debug|Any CPU.Build.0 = Debug|Any CPU
		{4F17B08D-1C9A-4128-8543-6CB1EB2F5C62}.Release|Any CPU.ActiveCfg = Release|Any CPU
		{4F17B08D-1C9A-4128-8543-6CB1EB2F5C62}.Release|Any CPU.Build.0 = Release|Any CPU
	EndGlobalSection
	GlobalSection(SolutionProperties) = preSolution
		HideSolutionNode = FALSE
	EndGlobalSection
	GlobalSection(ExtensibilityGlobals) = postSolution
		SolutionGuid = {507B3332-D5D5-4121-B0EB-1D56E801CC41}
	EndGlobalSection
EndGlobal
